// !$*UTF8*$!
{
	archiveVersion = 1;
	classes = {
	};
	objectVersion = 77;
	objects = {

/* Begin PBXBuildFile section */
		B51C0A732F48A7290004F4AE /* Fight.swift in Sources */ = {isa = PBXBuildFile; fileRef = B51C0A722F48A7290004F4AE /* Fight.swift */; };
		B51C0A752F48A72B0004F4AE /* FriendGroup.swift in Sources */ = {isa = PBXBuildFile; fileRef = B51C0A742F48A72B0004F4AE /* FriendGroup.swift */; };
		B51C0A772F48A72D0004F4AE /* Scorecard.swift in Sources */ = {isa = PBXBuildFile; fileRef = B51C0A762F48A72D0004F4AE /* Scorecard.swift */; };
		B51C0A792F48A72E0004F4AE /* RoundScore.swift in Sources */ = {isa = PBXBuildFile; fileRef = B51C0A782F48A72E0004F4AE /* RoundScore.swift */; };
		B51C0A7B2F48A7300004F4AE /* RootView.swift in Sources */ = {isa = PBXBuildFile; fileRef = B51C0A7A2F48A7300004F4AE /* RootView.swift */; };
		B51C0A7D2F48A8710004F4AE /* FightListView.swift in Sources */ = {isa = PBXBuildFile; fileRef = B51C0A7C2F48A8710004F4AE /* FightListView.swift */; };
		B51C0A7F2F48A8770004F4AE /* FightDetailView.swift in Sources */ = {isa = PBXBuildFile; fileRef = B51C0A7E2F48A8770004F4AE /* FightDetailView.swift */; };
		B51C0A812F48A87D0004F4AE /* ScorecardView.swift in Sources */ = {isa = PBXBuildFile; fileRef = B51C0A802F48A87D0004F4AE /* ScorecardView.swift */; };
		B51C0A832F48A91C0004F4AE /* User.swift in Sources */ = {isa = PBXBuildFile; fileRef = B51C0A822F48A91C0004F4AE /* User.swift */; };
		B51C0A852F48A9D30004F4AE /* README.md in Resources */ = {isa = PBXBuildFile; fileRef = B51C0A842F48A9D30004F4AE /* README.md */; };
		B51C0A872F48AA420004F4AE /* UsersListView.swift in Sources */ = {isa = PBXBuildFile; fileRef = B51C0A862F48AA420004F4AE /* UsersListView.swift */; };
		B51C0A892F48AAF90004F4AE /* AuthManager.swift in Sources */ = {isa = PBXBuildFile; fileRef = B51C0A882F48AAF90004F4AE /* AuthManager.swift */; };
		B51C0A8B2F48AB030004F4AE /* SignInView.swift in Sources */ = {isa = PBXBuildFile; fileRef = B51C0A8A2F48AB030004F4AE /* SignInView.swift */; };
/* End PBXBuildFile section */

/* Begin PBXFileReference section */
		B51C0A722F48A7290004F4AE /* Fight.swift */ = {isa = PBXFileReference; lastKnownFileType = sourcecode.swift; path = Fight.swift; sourceTree = "<group>"; };
		B51C0A742F48A72B0004F4AE /* FriendGroup.swift */ = {isa = PBXFileReference; lastKnownFileType = sourcecode.swift; path = FriendGroup.swift; sourceTree = "<group>"; };
		B51C0A762F48A72D0004F4AE /* Scorecard.swift */ = {isa = PBXFileReference; lastKnownFileType = sourcecode.swift; path = Scorecard.swift; sourceTree = "<group>"; };
		B51C0A782F48A72E0004F4AE /* RoundScore.swift */ = {isa = PBXFileReference; lastKnownFileType = sourcecode.swift; path = RoundScore.swift; sourceTree = "<group>"; };
		B51C0A7A2F48A7300004F4AE /* RootView.swift */ = {isa = PBXFileReference; lastKnownFileType = sourcecode.swift; path = RootView.swift; sourceTree = "<group>"; };
		B51C0A7C2F48A8710004F4AE /* FightListView.swift */ = {isa = PBXFileReference; lastKnownFileType = sourcecode.swift; path = FightListView.swift; sourceTree = "<group>"; };
		B51C0A7E2F48A8770004F4AE /* FightDetailView.swift */ = {isa = PBXFileReference; lastKnownFileType = sourcecode.swift; path = FightDetailView.swift; sourceTree = "<group>"; };
		B51C0A802F48A87D0004F4AE /* ScorecardView.swift */ = {isa = PBXFileReference; lastKnownFileType = sourcecode.swift; path = ScorecardView.swift; sourceTree = "<group>"; };
		B51C0A822F48A91C0004F4AE /* User.swift */ = {isa = PBXFileReference; lastKnownFileType = sourcecode.swift; path = User.swift; sourceTree = "<group>"; };
		B51C0A842F48A9D30004F4AE /* README.md */ = {isa = PBXFileReference; lastKnownFileType = net.daringfireball.markdown; path = README.md; sourceTree = "<group>"; };
		B51C0A862F48AA420004F4AE /* UsersListView.swift */ = {isa = PBXFileReference; lastKnownFileType = sourcecode.swift; path = UsersListView.swift; sourceTree = "<group>"; };
		B51C0A882F48AAF90004F4AE /* AuthManager.swift */ = {isa = PBXFileReference; lastKnownFileType = sourcecode.swift; path = AuthManager.swift; sourceTree = "<group>"; };
		B51C0A8A2F48AB030004F4AE /* SignInView.swift */ = {isa = PBXFileReference; lastKnownFileType = sourcecode.swift; path = SignInView.swift; sourceTree = "<group>"; };
		B5320E642F47ACBC00C2B16F /* r2rscorecards.app */ = {isa = PBXFileReference; explicitFileType = wrapper.application; includeInIndex = 0; path = r2rscorecards.app; sourceTree = BUILT_PRODUCTS_DIR; };
/* End PBXFileReference section */

/* Begin PBXFileSystemSynchronizedBuildFileExceptionSet section */
		B5320E712F47ACBD00C2B16F /* Exceptions for "r2rscorecards" folder in "r2rscorecards" target */ = {
			isa = PBXFileSystemSynchronizedBuildFileExceptionSet;
			membershipExceptions = (
				Info.plist,
			);
			target = B5320E632F47ACBC00C2B16F /* r2rscorecards */;
		};
/* End PBXFileSystemSynchronizedBuildFileExceptionSet section */

/* Begin PBXFileSystemSynchronizedRootGroup section */
		B5320E662F47ACBC00C2B16F /* r2rscorecards */ = {
			isa = PBXFileSystemSynchronizedRootGroup;
			exceptions = (
				B5320E712F47ACBD00C2B16F /* Exceptions for "r2rscorecards" folder in "r2rscorecards" target */,
			);
			path = r2rscorecards;
			sourceTree = "<group>";
		};
/* End PBXFileSystemSynchronizedRootGroup section */

/* Begin PBXFrameworksBuildPhase section */
		B5320E612F47ACBC00C2B16F /* Frameworks */ = {
			isa = PBXFrameworksBuildPhase;
			buildActionMask = 2147483647;
			files = (
			);
			runOnlyForDeploymentPostprocessing = 0;
		};
/* End PBXFrameworksBuildPhase section */

/* Begin PBXGroup section */
		B5320E5B2F47ACBC00C2B16F = {
			isa = PBXGroup;
			children = (
				B5320E662F47ACBC00C2B16F /* r2rscorecards */,
				B5320E652F47ACBC00C2B16F /* Products */,
				B51C0A722F48A7290004F4AE /* Fight.swift */,
				B51C0A742F48A72B0004F4AE /* FriendGroup.swift */,
				B51C0A762F48A72D0004F4AE /* Scorecard.swift */,
				B51C0A782F48A72E0004F4AE /* RoundScore.swift */,
				B51C0A7A2F48A7300004F4AE /* RootView.swift */,
				B51C0A7C2F48A8710004F4AE /* FightListView.swift */,
				B51C0A7E2F48A8770004F4AE /* FightDetailView.swift */,
				B51C0A802F48A87D0004F4AE /* ScorecardView.swift */,
				B51C0A822F48A91C0004F4AE /* User.swift */,
				B51C0A842F48A9D30004F4AE /* README.md */,
				B51C0A862F48AA420004F4AE /* UsersListView.swift */,
				B51C0A882F48AAF90004F4AE /* AuthManager.swift */,
				B51C0A8A2F48AB030004F4AE /* SignInView.swift */,
			);
			sourceTree = "<group>";
		};
		B5320E652F47ACBC00C2B16F /* Products */ = {
			isa = PBXGroup;
			children = (
				B5320E642F47ACBC00C2B16F /* r2rscorecards.app */,
			);
			name = Products;
			sourceTree = "<group>";
		};
/* End PBXGroup section */

/* Begin PBXNativeTarget section */
		B5320E632F47ACBC00C2B16F /* r2rscorecards */ = {
			isa = PBXNativeTarget;
			buildConfigurationList = B5320E722F47ACBD00C2B16F /* Build configuration list for PBXNativeTarget "r2rscorecards" */;
			buildPhases = (
				B5320E602F47ACBC00C2B16F /* Sources */,
				B5320E612F47ACBC00C2B16F /* Frameworks */,
				B5320E622F47ACBC00C2B16F /* Resources */,
			);
			buildRules = (
			);
			dependencies = (
			);
			fileSystemSynchronizedGroups = (
				B5320E662F47ACBC00C2B16F /* r2rscorecards */,
			);
			name = r2rscorecards;
			packageProductDependencies = (
			);
			productName = r2rscorecards;
			productReference = B5320E642F47ACBC00C2B16F /* r2rscorecards.app */;
			productType = "com.apple.product-type.application";
		};
/* End PBXNativeTarget section */

/* Begin PBXProject section */
		B5320E5C2F47ACBC00C2B16F /* Project object */ = {
			isa = PBXProject;
			attributes = {
				BuildIndependentTargetsInParallel = 1;
				LastSwiftUpdateCheck = 2620;
				LastUpgradeCheck = 2620;
				TargetAttributes = {
					B5320E632F47ACBC00C2B16F = {
						CreatedOnToolsVersion = 26.2;
					};
				};
			};
			buildConfigurationList = B5320E5F2F47ACBC00C2B16F /* Build configuration list for PBXProject "r2rscorecards" */;
			developmentRegion = en;
			hasScannedForEncodings = 0;
			knownRegions = (
				en,
				Base,
			);
			mainGroup = B5320E5B2F47ACBC00C2B16F;
			minimizedProjectReferenceProxies = 1;
			preferredProjectObjectVersion = 77;
			productRefGroup = B5320E652F47ACBC00C2B16F /* Products */;
			projectDirPath = "";
			projectRoot = "";
			targets = (
				B5320E632F47ACBC00C2B16F /* r2rscorecards */,
			);
		};
/* End PBXProject section */

/* Begin PBXResourcesBuildPhase section */
		B5320E622F47ACBC00C2B16F /* Resources */ = {
			isa = PBXResourcesBuildPhase;
			buildActionMask = 2147483647;
			files = (
				B51C0A852F48A9D30004F4AE /* README.md in Resources */,
			);
			runOnlyForDeploymentPostprocessing = 0;
		};
/* End PBXResourcesBuildPhase section */

/* Begin PBXSourcesBuildPhase section */
		B5320E602F47ACBC00C2B16F /* Sources */ = {
			isa = PBXSourcesBuildPhase;
			buildActionMask = 2147483647;
			files = (
				B51C0A7F2F48A8770004F4AE /* FightDetailView.swift in Sources */,
				B51C0A892F48AAF90004F4AE /* AuthManager.swift in Sources */,
				B51C0A872F48AA420004F4AE /* UsersListView.swift in Sources */,
				B51C0A812F48A87D0004F4AE /* ScorecardView.swift in Sources */,
				B51C0A7D2F48A8710004F4AE /* FightListView.swift in Sources */,
				B51C0A7B2F48A7300004F4AE /* RootView.swift in Sources */,
				B51C0A772F48A72D0004F4AE /* Scorecard.swift in Sources */,
				B51C0A732F48A7290004F4AE /* Fight.swift in Sources */,
				B51C0A792F48A72E0004F4AE /* RoundScore.swift in Sources */,
				B51C0A8B2F48AB030004F4AE /* SignInView.swift in Sources */,
				B51C0A832F48A91C0004F4AE /* User.swift in Sources */,
				B51C0A752F48A72B0004F4AE /* FriendGroup.swift in Sources */,
			);
			runOnlyForDeploymentPostprocessing = 0;
		};
/* End PBXSourcesBuildPhase section */

/* Begin XCBuildConfiguration section */
		B5320E732F47ACBD00C2B16F /* Debug */ = {
			isa = XCBuildConfiguration;
			buildSettings = {
				ASSETCATALOG_COMPILER_APPICON_NAME = AppIcon;
				ASSETCATALOG_COMPILER_GLOBAL_ACCENT_COLOR_NAME = AccentColor;
				CODE_SIGN_ENTITLEMENTS = r2rscorecards/r2rscorecards.entitlements;
				CODE_SIGN_STYLE = Automatic;
				CURRENT_PROJECT_VERSION = 1;
				ENABLE_PREVIEWS = YES;
				GENERATE_INFOPLIST_FILE = YES;
				INFOPLIST_FILE = r2rscorecards/Info.plist;
				INFOPLIST_KEY_UIApplicationSceneManifest_Generation = YES;
				INFOPLIST_KEY_UIApplicationSupportsIndirectInputEvents = YES;
				INFOPLIST_KEY_UILaunchScreen_Generation = YES;
				INFOPLIST_KEY_UISupportedInterfaceOrientations_iPad = "UIInterfaceOrientationPortrait UIInterfaceOrientationPortraitUpsideDown UIInterfaceOrientationLandscapeLeft UIInterfaceOrientationLandscapeRight";
				INFOPLIST_KEY_UISupportedInterfaceOrientations_iPhone = "UIInterfaceOrientationPortrait UIInterfaceOrientationLandscapeLeft UIInterfaceOrientationLandscapeRight";
				LD_RUNPATH_SEARCH_PATHS = (
					"$(inherited)",
					"@executable_path/Frameworks",
				);
				MARKETING_VERSION = 1.0;
				PRODUCT_BUNDLE_IDENTIFIER = PSL.r2rscorecards;
				PRODUCT_NAME = "$(TARGET_NAME)";
				STRING_CATALOG_GENERATE_SYMBOLS = YES;
				SWIFT_APPROACHABLE_CONCURRENCY = YES;
				SWIFT_DEFAULT_ACTOR_ISOLATION = MainActor;
				SWIFT_EMIT_LOC_STRINGS = YES;
				SWIFT_UPCOMING_FEATURE_MEMBER_IMPORT_VISIBILITY = YES;
				SWIFT_VERSION = 5.0;
				TARGETED_DEVICE_FAMILY = "1,2";
			};
			name = Debug;
		};
		B5320E742F47ACBD00C2B16F /* Release */ = {
			isa = XCBuildConfiguration;
			buildSettings = {
				ASSETCATALOG_COMPILER_APPICON_NAME = AppIcon;
				ASSETCATALOG_COMPILER_GLOBAL_ACCENT_COLOR_NAME = AccentColor;
				CODE_SIGN_ENTITLEMENTS = r2rscorecards/r2rscorecards.entitlements;
				CODE_SIGN_STYLE = Automatic;
				CURRENT_PROJECT_VERSION = 1;
				ENABLE_PREVIEWS = YES;
				GENERATE_INFOPLIST_FILE = YES;
				INFOPLIST_FILE = r2rscorecards/Info.plist;
				INFOPLIST_KEY_UIApplicationSceneManifest_Generation = YES;
				INFOPLIST_KEY_UIApplicationSupportsIndirectInputEvents = YES;
				INFOPLIST_KEY_UILaunchScreen_Generation = YES;
				INFOPLIST_KEY_UISupportedInterfaceOrientations_iPad = "UIInterfaceOrientationPortrait UIInterfaceOrientationPortraitUpsideDown UIInterfaceOrientationLandscapeLeft UIInterfaceOrientationLandscapeRight";
				INFOPLIST_KEY_UISupportedInterfaceOrientations_iPhone = "UIInterfaceOrientationPortrait UIInterfaceOrientationLandscapeLeft UIInterfaceOrientationLandscapeRight";
				LD_RUNPATH_SEARCH_PATHS = (
					"$(inherited)",
					"@executable_path/Frameworks",
				);
				MARKETING_VERSION = 1.0;
				PRODUCT_BUNDLE_IDENTIFIER = PSL.r2rscorecards;
				PRODUCT_NAME = "$(TARGET_NAME)";
				STRING_CATALOG_GENERATE_SYMBOLS = YES;
				SWIFT_APPROACHABLE_CONCURRENCY = YES;
				SWIFT_DEFAULT_ACTOR_ISOLATION = MainActor;
				SWIFT_EMIT_LOC_STRINGS = YES;
				SWIFT_UPCOMING_FEATURE_MEMBER_IMPORT_VISIBILITY = YES;
				SWIFT_VERSION = 5.0;
				TARGETED_DEVICE_FAMILY = "1,2";
			};
			name = Release;
		};
		B5320E752F47ACBD00C2B16F /* Debug */ = {
			isa = XCBuildConfiguration;
			buildSettings = {
				ALWAYS_SEARCH_USER_PATHS = NO;
				ASSETCATALOG_COMPILER_GENERATE_SWIFT_ASSET_SYMBOL_EXTENSIONS = YES;
				CLANG_ANALYZER_NONNULL = YES;
				CLANG_ANALYZER_NUMBER_OBJECT_CONVERSION = YES_AGGRESSIVE;
				CLANG_CXX_LANGUAGE_STANDARD = "gnu++20";
				CLANG_ENABLE_MODULES = YES;
				CLANG_ENABLE_OBJC_ARC = YES;
				CLANG_ENABLE_OBJC_WEAK = YES;
				CLANG_WARN_BLOCK_CAPTURE_AUTORELEASING = YES;
				CLANG_WARN_BOOL_CONVERSION = YES;
				CLANG_WARN_COMMA = YES;
				CLANG_WARN_CONSTANT_CONVERSION = YES;
				CLANG_WARN_DEPRECATED_OBJC_IMPLEMENTATIONS = YES;
				CLANG_WARN_DIRECT_OBJC_ISA_USAGE = YES_ERROR;
				CLANG_WARN_DOCUMENTATION_COMMENTS = YES;
				CLANG_WARN_EMPTY_BODY = YES;
				CLANG_WARN_ENUM_CONVERSION = YES;
				CLANG_WARN_INFINITE_RECURSION = YES;
				CLANG_WARN_INT_CONVERSION = YES;
				CLANG_WARN_NON_LITERAL_NULL_CONVERSION = YES;
				CLANG_WARN_OBJC_IMPLICIT_RETAIN_SELF = YES;
				CLANG_WARN_OBJC_LITERAL_CONVERSION = YES;
				CLANG_WARN_OBJC_ROOT_CLASS = YES_ERROR;
				CLANG_WARN_QUOTED_INCLUDE_IN_FRAMEWORK_HEADER = YES;
				CLANG_WARN_RANGE_LOOP_ANALYSIS = YES;
				CLANG_WARN_STRICT_PROTOTYPES = YES;
				CLANG_WARN_SUSPICIOUS_MOVE = YES;
				CLANG_WARN_UNGUARDED_AVAILABILITY = YES_AGGRESSIVE;
				CLANG_WARN_UNREACHABLE_CODE = YES;
				CLANG_WARN__DUPLICATE_METHOD_MATCH = YES;
				COPY_PHASE_STRIP = NO;
				DEBUG_INFORMATION_FORMAT = dwarf;
				ENABLE_STRICT_OBJC_MSGSEND = YES;
				ENABLE_TESTABILITY = YES;
				ENABLE_USER_SCRIPT_SANDBOXING = YES;
				GCC_C_LANGUAGE_STANDARD = gnu17;
				GCC_DYNAMIC_NO_PIC = NO;
				GCC_NO_COMMON_BLOCKS = YES;
				GCC_OPTIMIZATION_LEVEL = 0;
				GCC_PREPROCESSOR_DEFINITIONS = (
					"DEBUG=1",
					"$(inherited)",
				);
				GCC_WARN_64_TO_32_BIT_CONVERSION = YES;
				GCC_WARN_ABOUT_RETURN_TYPE = YES_ERROR;
				GCC_WARN_UNDECLARED_SELECTOR = YES;
				GCC_WARN_UNINITIALIZED_AUTOS = YES_AGGRESSIVE;
				GCC_WARN_UNUSED_FUNCTION = YES;
				GCC_WARN_UNUSED_VARIABLE = YES;
				IPHONEOS_DEPLOYMENT_TARGET = 26.2;
				LOCALIZATION_PREFERS_STRING_CATALOGS = YES;
				MTL_ENABLE_DEBUG_INFO = INCLUDE_SOURCE;
				MTL_FAST_MATH = YES;
				ONLY_ACTIVE_ARCH = YES;
				SDKROOT = iphoneos;
				SWIFT_ACTIVE_COMPILATION_CONDITIONS = "DEBUG $(inherited)";
				SWIFT_OPTIMIZATION_LEVEL = "-Onone";
			};
			name = Debug;
		};
		B5320E762F47ACBD00C2B16F /* Release */ = {
			isa = XCBuildConfiguration;
			buildSettings = {
				ALWAYS_SEARCH_USER_PATHS = NO;
				ASSETCATALOG_COMPILER_GENERATE_SWIFT_ASSET_SYMBOL_EXTENSIONS = YES;
				CLANG_ANALYZER_NONNULL = YES;
				CLANG_ANALYZER_NUMBER_OBJECT_CONVERSION = YES_AGGRESSIVE;
				CLANG_CXX_LANGUAGE_STANDARD = "gnu++20";
				CLANG_ENABLE_MODULES = YES;
				CLANG_ENABLE_OBJC_ARC = YES;
				CLANG_ENABLE_OBJC_WEAK = YES;
				CLANG_WARN_BLOCK_CAPTURE_AUTORELEASING = YES;
				CLANG_WARN_BOOL_CONVERSION = YES;
				CLANG_WARN_COMMA = YES;
				CLANG_WARN_CONSTANT_CONVERSION = YES;
				CLANG_WARN_DEPRECATED_OBJC_IMPLEMENTATIONS = YES;
				CLANG_WARN_DIRECT_OBJC_ISA_USAGE = YES_ERROR;
				CLANG_WARN_DOCUMENTATION_COMMENTS = YES;
				CLANG_WARN_EMPTY_BODY = YES;
				CLANG_WARN_ENUM_CONVERSION = YES;
				CLANG_WARN_INFINITE_RECURSION = YES;
				CLANG_WARN_INT_CONVERSION = YES;
				CLANG_WARN_NON_LITERAL_NULL_CONVERSION = YES;
				CLANG_WARN_OBJC_IMPLICIT_RETAIN_SELF = YES;
				CLANG_WARN_OBJC_LITERAL_CONVERSION = YES;
				CLANG_WARN_OBJC_ROOT_CLASS = YES_ERROR;
				CLANG_WARN_QUOTED_INCLUDE_IN_FRAMEWORK_HEADER = YES;
				CLANG_WARN_RANGE_LOOP_ANALYSIS = YES;
				CLANG_WARN_STRICT_PROTOTYPES = YES;
				CLANG_WARN_SUSPICIOUS_MOVE = YES;
				CLANG_WARN_UNGUARDED_AVAILABILITY = YES_AGGRESSIVE;
				CLANG_WARN_UNREACHABLE_CODE = YES;
				CLANG_WARN__DUPLICATE_METHOD_MATCH = YES;
				COPY_PHASE_STRIP = NO;
				DEBUG_INFORMATION_FORMAT = "dwarf-with-dsym";
				ENABLE_NS_ASSERTIONS = NO;
				ENABLE_STRICT_OBJC_MSGSEND = YES;
				ENABLE_USER_SCRIPT_SANDBOXING = YES;
				GCC_C_LANGUAGE_STANDARD = gnu17;
				GCC_NO_COMMON_BLOCKS = YES;
				GCC_WARN_64_TO_32_BIT_CONVERSION = YES;
				GCC_WARN_ABOUT_RETURN_TYPE = YES_ERROR;
				GCC_WARN_UNDECLARED_SELECTOR = YES;
				GCC_WARN_UNINITIALIZED_AUTOS = YES_AGGRESSIVE;
				GCC_WARN_UNUSED_FUNCTION = YES;
				GCC_WARN_UNUSED_VARIABLE = YES;
				IPHONEOS_DEPLOYMENT_TARGET = 26.2;
				LOCALIZATION_PREFERS_STRING_CATALOGS = YES;
				MTL_ENABLE_DEBUG_INFO = NO;
				MTL_FAST_MATH = YES;
				SDKROOT = iphoneos;
				SWIFT_COMPILATION_MODE = wholemodule;
				VALIDATE_PRODUCT = YES;
			};
			name = Release;
		};
/* End XCBuildConfiguration section */

/* Begin XCConfigurationList section */
		B5320E5F2F47ACBC00C2B16F /* Build configuration list for PBXProject "r2rscorecards" */ = {
			isa = XCConfigurationList;
			buildConfigurations = (
				B5320E752F47ACBD00C2B16F /* Debug */,
				B5320E762F47ACBD00C2B16F /* Release */,
			);
			defaultConfigurationIsVisible = 0;
			defaultConfigurationName = Release;
		};
		B5320E722F47ACBD00C2B16F /* Build configuration list for PBXNativeTarget "r2rscorecards" */ = {
			isa = XCConfigurationList;
			buildConfigurations = (
				B5320E732F47ACBD00C2B16F /* Debug */,
				B5320E742F47ACBD00C2B16F /* Release */,
			);
			defaultConfigurationIsVisible = 0;
			defaultConfigurationName = Release;
		};
/* End XCConfigurationList section */
	};
	rootObject = B5320E5C2F47ACBC00C2B16F /* Project object */;
}
