// !$*UTF8*$!
{
	archiveVersion = 1;
	classes = {
	};
	objectVersion = 77;
	objects = {

/* Begin PBXBuildFile section */
		B51C0A732F48A7290004F4AE /* Fight.swift in Sources */ = {isa = PBXBuildFile; fileRef = B51C0A722F48A7290004F4AE /* Fight.swift */; };
		B51C0A752F48A72B0004F4AE /* FriendGroup.swift in Sources */ = {isa = PBXBuildFile; fileRef = B51C0A742F48A72B0004F4AE /* FriendGroup.swift */; };
		B51C0A772F48A72D0004F4AE /* Scorecard.swift in Sources */ = {isa = PBXBuildFile; fileRef = B51C0A762F48A72D0004F4AE /* Scorecard.swift */; };
		B51C0A792F48A72E0004F4AE /* RoundScore.swift in Sources */ = {isa = PBXBuildFile; fileRef = B51C0A782F48A72E0004F4AE /* RoundScore.swift */; };
		B51C0A7B2F48A7300004F4AE /* RootView.swift in Sources */ = {isa = PBXBuildFile; fileRef = B51C0A7A2F48A7300004F4AE /* RootView.swift */; };
		B51C0A7D2F48A8710004F4AE /* FightListView.swift in Sources */ = {isa = PBXBuildFile; fileRef = B51C0A7C2F48A8710004F4AE /* FightListView.swift */; };
		B51C0A7F2F48A8770004F4AE /* FightDetailView.swift in Sources */ = {isa = PBXBuildFile; fileRef = B51C0A7E2F48A8770004F4AE /* FightDetailView.swift */; };
		B51C0A832F48A91C0004F4AE /* User.swift in Sources */ = {isa = PBXBuildFile; fileRef = B51C0A822F48A91C0004F4AE /* User.swift */; };
		B51C0A852F48A9D30004F4AE /* README.md in Resources */ = {isa = PBXBuildFile; fileRef = B51C0A842F48A9D30004F4AE /* README.md */; };
		B51C0A872F48AA420004F4AE /* UsersListView.swift in Sources */ = {isa = PBXBuildFile; fileRef = B51C0A862F48AA420004F4AE /* UsersListView.swift */; };
		B51C0A892F48AAF90004F4AE /* AuthManager.swift in Sources */ = {isa = PBXBuildFile; fileRef = B51C0A882F48AAF90004F4AE /* AuthManager.swift */; };
		B51C0A8B2F48AB030004F4AE /* SignInView.swift in Sources */ = {isa = PBXBuildFile; fileRef = B51C0A8A2F48AB030004F4AE /* SignInView.swift */; };
		B551138D2F5A186E00CAE67B /* Auth in Frameworks */ = {isa = PBXBuildFile; productRef = B551138C2F5A186E00CAE67B /* Auth */; };
		B551138F2F5A186E00CAE67B /* Functions in Frameworks */ = {isa = PBXBuildFile; productRef = B551138E2F5A186E00CAE67B /* Functions */; };
		B55113912F5A186E00CAE67B /* PostgREST in Frameworks */ = {isa = PBXBuildFile; productRef = B55113902F5A186E00CAE67B /* PostgREST */; };
		B55113932F5A186E00CAE67B /* Realtime in Frameworks */ = {isa = PBXBuildFile; productRef = B55113922F5A186E00CAE67B /* Realtime */; };
		B55113952F5A186E00CAE67B /* Storage in Frameworks */ = {isa = PBXBuildFile; productRef = B55113942F5A186E00CAE67B /* Storage */; };
		B55113B82F5A1E4800CAE67B /* Supabase in Frameworks */ = {isa = PBXBuildFile; productRef = B55113B72F5A1E4800CAE67B /* Supabase */; };
		B5A936252F4DD669002D8D27 /* BoxingRules.swift in Sources */ = {isa = PBXBuildFile; fileRef = B5A936242F4DD669002D8D27 /* BoxingRules.swift */; };
		B5A936272F4DD695002D8D27 /* RoundScoringView.swift in Sources */ = {isa = PBXBuildFile; fileRef = B5A936262F4DD695002D8D27 /* RoundScoringView.swift */; };
		B5A936292F4DD70F002D8D27 /* BOXING_RULES.md in Resources */ = {isa = PBXBuildFile; fileRef = B5A936282F4DD70F002D8D27 /* BOXING_RULES.md */; };
		B5A9362B2F4E0EE4002D8D27 /* EmailAuthView.swift in Sources */ = {isa = PBXBuildFile; fileRef = B5A9362A2F4E0EE4002D8D27 /* EmailAuthView.swift */; };
		B5A9362D2F4E0FD5002D8D27 /* TODO_PASSWORD_RESET.md in Resources */ = {isa = PBXBuildFile; fileRef = B5A9362C2F4E0FD5002D8D27 /* TODO_PASSWORD_RESET.md */; };
		B5A9362F2F4E10DC002D8D27 /* GeographicData.swift in Sources */ = {isa = PBXBuildFile; fileRef = B5A9362E2F4E10DC002D8D27 /* GeographicData.swift */; };
		B5A936312F4E10F3002D8D27 /* GeographicPicker.swift in Sources */ = {isa = PBXBuildFile; fileRef = B5A936302F4E10F3002D8D27 /* GeographicPicker.swift */; };
		B5A936332F4E12F6002D8D27 /* BoxingAPIService.swift in Sources */ = {isa = PBXBuildFile; fileRef = B5A936322F4E12F6002D8D27 /* BoxingAPIService.swift */; };
		B5A936352F4E130F002D8D27 /* ImportFightsView.swift in Sources */ = {isa = PBXBuildFile; fileRef = B5A936342F4E130F002D8D27 /* ImportFightsView.swift */; };
		B5A936372F4E1361002D8D27 /* BOXING_API_SETUP.md in Resources */ = {isa = PBXBuildFile; fileRef = B5A936362F4E1361002D8D27 /* BOXING_API_SETUP.md */; };
		B5A936392F4E3ADF002D8D27 /* API_MIGRATION_SUMMARY.md in Resources */ = {isa = PBXBuildFile; fileRef = B5A936382F4E3ADF002D8D27 /* API_MIGRATION_SUMMARY.md */; };
		B5A9363B2F4E3C04002D8D27 /* ESPN_API_MIGRATION.md in Resources */ = {isa = PBXBuildFile; fileRef = B5A9363A2F4E3C04002D8D27 /* ESPN_API_MIGRATION.md */; };
		B5A9363D2F4E3E35002D8D27 /* GLOBAL_STATISTICS_ROADMAP.md in Resources */ = {isa = PBXBuildFile; fileRef = B5A9363C2F4E3E35002D8D27 /* GLOBAL_STATISTICS_ROADMAP.md */; };
		B5A9363F2F4E3EF1002D8D27 /* BOXING_API_FINAL_STATUS.md in Resources */ = {isa = PBXBuildFile; fileRef = B5A9363E2F4E3EF1002D8D27 /* BOXING_API_FINAL_STATUS.md */; };
		B5DDB8D32F5AC8E4001FF6BB /* ThemeManager.swift in Sources */ = {isa = PBXBuildFile; fileRef = B5DDB8D22F5AC8E4001FF6BB /* ThemeManager.swift */; };
		B5DDB8D52F5AC922001FF6BB /* UI_ENHANCEMENT_GUIDE.md in Resources */ = {isa = PBXBuildFile; fileRef = B5DDB8D42F5AC922001FF6BB /* UI_ENHANCEMENT_GUIDE.md */; };
		B5DDB8D72F5AC955001FF6BB /* QUICK_START_CHECKLIST.md in Resources */ = {isa = PBXBuildFile; fileRef = B5DDB8D62F5AC955001FF6BB /* QUICK_START_CHECKLIST.md */; };
		B5DDB8DD2F5ACB73001FF6BB /* IMPLEMENTATION_DONE.md in Resources */ = {isa = PBXBuildFile; fileRef = B5DDB8DC2F5ACB73001FF6BB /* IMPLEMENTATION_DONE.md */; };
		B5DDB8DF2F5ACB91001FF6BB /* TROUBLESHOOTING.md in Resources */ = {isa = PBXBuildFile; fileRef = B5DDB8DE2F5ACB91001FF6BB /* TROUBLESHOOTING.md */; };
		B5DDB8E32F5ACE1C001FF6BB /* HomeViewEnhanced.swift in Sources */ = {isa = PBXBuildFile; fileRef = B5DDB8E22F5ACE1C001FF6BB /* HomeViewEnhanced.swift */; };
		B5DDB8E52F5ACECC001FF6BB /* FINAL_CLEANUP_STEPS.md in Resources */ = {isa = PBXBuildFile; fileRef = B5DDB8E42F5ACECC001FF6BB /* FINAL_CLEANUP_STEPS.md */; };
		B5DDB8E72F5AD04D001FF6BB /* REMAINING_ERRORS_FIX.md in Resources */ = {isa = PBXBuildFile; fileRef = B5DDB8E62F5AD04D001FF6BB /* REMAINING_ERRORS_FIX.md */; };
		B5DDB8EB2F5AD6DB001FF6BB /* OnboardingFlow.swift in Sources */ = {isa = PBXBuildFile; fileRef = B5DDB8EA2F5AD6DB001FF6BB /* OnboardingFlow.swift */; };
		B5DDB8ED2F5AD6F2001FF6BB /* AnimatedTransitions.swift in Sources */ = {isa = PBXBuildFile; fileRef = B5DDB8EC2F5AD6F2001FF6BB /* AnimatedTransitions.swift */; };
		B5DDB8EF2F5AD71E001FF6BB /* SettingsViewEnhanced.swift in Sources */ = {isa = PBXBuildFile; fileRef = B5DDB8EE2F5AD71E001FF6BB /* SettingsViewEnhanced.swift */; };
		B5DDB8F12F5AD75C001FF6BB /* ALL_FEATURES_GUIDE.md in Resources */ = {isa = PBXBuildFile; fileRef = B5DDB8F02F5AD75C001FF6BB /* ALL_FEATURES_GUIDE.md */; };
		B5DDB8F32F5AD897001FF6BB /* ONBOARDING_THEMES_ACTIVE.md in Resources */ = {isa = PBXBuildFile; fileRef = B5DDB8F22F5AD897001FF6BB /* ONBOARDING_THEMES_ACTIVE.md */; };
		B5DDB8F52F5B6D88001FF6BB /* HOW_TO_ADD_FILE.md in Resources */ = {isa = PBXBuildFile; fileRef = B5DDB8F42F5B6D88001FF6BB /* HOW_TO_ADD_FILE.md */; };
		B5DDB8F72F5B6E7F001FF6BB /* ImprovedFightDetailView.swift in Sources */ = {isa = PBXBuildFile; fileRef = B5DDB8F62F5B6E7F001FF6BB /* ImprovedFightDetailView.swift */; };
		B5DDB8F92F5B7194001FF6BB /* TipJarView.swift in Sources */ = {isa = PBXBuildFile; fileRef = B5DDB8F82F5B7194001FF6BB /* TipJarView.swift */; };
		B5DDB8FB2F5B71B5001FF6BB /* SIGNIN_TIPJAR_FIXES.md in Resources */ = {isa = PBXBuildFile; fileRef = B5DDB8FA2F5B71B5001FF6BB /* SIGNIN_TIPJAR_FIXES.md */; };
		B5E5DF212F4D093500DE8E8F /* ScorecardView 2.swift in Sources */ = {isa = PBXBuildFile; fileRef = B5E5DF202F4D093500DE8E8F /* ScorecardView 2.swift */; };
		B5E5DF232F4D0A2E00DE8E8F /* CHANGES_APPLIED.md in Resources */ = {isa = PBXBuildFile; fileRef = B5E5DF222F4D0A2E00DE8E8F /* CHANGES_APPLIED.md */; };
		B5E5DF252F4D0A3800DE8E8F /* AppErrors.swift in Sources */ = {isa = PBXBuildFile; fileRef = B5E5DF242F4D0A3800DE8E8F /* AppErrors.swift */; };
		B5E5DF272F4D0A7700DE8E8F /* DEVELOPER_GUIDE.md in Resources */ = {isa = PBXBuildFile; fileRef = B5E5DF262F4D0A7700DE8E8F /* DEVELOPER_GUIDE.md */; };
/* End PBXBuildFile section */

/* Begin PBXFileReference section */
		B51C0A722F48A7290004F4AE /* Fight.swift */ = {isa = PBXFileReference; lastKnownFileType = sourcecode.swift; path = r2rscorecards/Core/Models/Fight.swift; sourceTree = "<group>"; };
		B51C0A742F48A72B0004F4AE /* FriendGroup.swift */ = {isa = PBXFileReference; lastKnownFileType = sourcecode.swift; path = r2rscorecards/Core/Models/FriendGroup.swift; sourceTree = "<group>"; };
		B51C0A762F48A72D0004F4AE /* Scorecard.swift */ = {isa = PBXFileReference; lastKnownFileType = sourcecode.swift; path = r2rscorecards/Core/Models/Scorecard.swift; sourceTree = "<group>"; };
		B51C0A782F48A72E0004F4AE /* RoundScore.swift */ = {isa = PBXFileReference; lastKnownFileType = sourcecode.swift; path = r2rscorecards/Core/Models/RoundScore.swift; sourceTree = "<group>"; };
		B51C0A7A2F48A7300004F4AE /* RootView.swift */ = {isa = PBXFileReference; lastKnownFileType = sourcecode.swift; path = r2rscorecards/Features/Home/RootView.swift; sourceTree = "<group>"; };
		B51C0A7C2F48A8710004F4AE /* FightListView.swift */ = {isa = PBXFileReference; lastKnownFileType = sourcecode.swift; path = r2rscorecards/Features/Fights/FightListView.swift; sourceTree = "<group>"; };
		B51C0A7E2F48A8770004F4AE /* FightDetailView.swift */ = {isa = PBXFileReference; lastKnownFileType = sourcecode.swift; path = r2rscorecards/Features/Fights/FightDetailView.swift; sourceTree = "<group>"; };
		B51C0A822F48A91C0004F4AE /* User.swift */ = {isa = PBXFileReference; lastKnownFileType = sourcecode.swift; path = r2rscorecards/Core/Models/User.swift; sourceTree = "<group>"; };
		B51C0A842F48A9D30004F4AE /* README.md */ = {isa = PBXFileReference; lastKnownFileType = net.daringfireball.markdown; path = README.md; sourceTree = "<group>"; };
		B51C0A862F48AA420004F4AE /* UsersListView.swift */ = {isa = PBXFileReference; lastKnownFileType = sourcecode.swift; path = r2rscorecards/Features/Social/UsersListView.swift; sourceTree = "<group>"; };
		B51C0A882F48AAF90004F4AE /* AuthManager.swift */ = {isa = PBXFileReference; lastKnownFileType = sourcecode.swift; path = r2rscorecards/Core/Managers/AuthManager.swift; sourceTree = "<group>"; };
		B51C0A8A2F48AB030004F4AE /* SignInView.swift */ = {isa = PBXFileReference; lastKnownFileType = sourcecode.swift; path = r2rscorecards/Features/Auth/SignInView.swift; sourceTree = "<group>"; };
		B5320E642F47ACBC00C2B16F /* r2rscorecards.app */ = {isa = PBXFileReference; explicitFileType = wrapper.application; includeInIndex = 0; path = r2rscorecards.app; sourceTree = BUILT_PRODUCTS_DIR; };
		B5A936242F4DD669002D8D27 /* BoxingRules.swift */ = {isa = PBXFileReference; lastKnownFileType = sourcecode.swift; path = r2rscorecards/Core/Utilities/BoxingRules.swift; sourceTree = "<group>"; };
		B5A936262F4DD695002D8D27 /* RoundScoringView.swift */ = {isa = PBXFileReference; lastKnownFileType = sourcecode.swift; path = r2rscorecards/Features/Scorecards/RoundScoringView.swift; sourceTree = "<group>"; };
		B5A936282F4DD70F002D8D27 /* BOXING_RULES.md */ = {isa = PBXFileReference; lastKnownFileType = net.daringfireball.markdown; path = BOXING_RULES.md; sourceTree = "<group>"; };
		B5A9362A2F4E0EE4002D8D27 /* EmailAuthView.swift */ = {isa = PBXFileReference; lastKnownFileType = sourcecode.swift; path = r2rscorecards/Features/Auth/EmailAuthView.swift; sourceTree = "<group>"; };
		B5A9362C2F4E0FD5002D8D27 /* TODO_PASSWORD_RESET.md */ = {isa = PBXFileReference; lastKnownFileType = net.daringfireball.markdown; path = TODO_PASSWORD_RESET.md; sourceTree = "<group>"; };
		B5A9362E2F4E10DC002D8D27 /* GeographicData.swift */ = {isa = PBXFileReference; lastKnownFileType = sourcecode.swift; path = r2rscorecards/Core/Utilities/GeographicData.swift; sourceTree = "<group>"; };
		B5A936302F4E10F3002D8D27 /* GeographicPicker.swift */ = {isa = PBXFileReference; lastKnownFileType = sourcecode.swift; path = r2rscorecards/Shared/UI/GeographicPicker.swift; sourceTree = "<group>"; };
		B5A936322F4E12F6002D8D27 /* BoxingAPIService.swift */ = {isa = PBXFileReference; lastKnownFileType = sourcecode.swift; path = r2rscorecards/Core/Services/BoxingAPIService.swift; sourceTree = "<group>"; };
		B5A936342F4E130F002D8D27 /* ImportFightsView.swift */ = {isa = PBXFileReference; lastKnownFileType = sourcecode.swift; path = r2rscorecards/Features/Fights/ImportFightsView.swift; sourceTree = "<group>"; };
		B5A936362F4E1361002D8D27 /* BOXING_API_SETUP.md */ = {isa = PBXFileReference; lastKnownFileType = net.daringfireball.markdown; path = BOXING_API_SETUP.md; sourceTree = "<group>"; };
		B5A936382F4E3ADF002D8D27 /* API_MIGRATION_SUMMARY.md */ = {isa = PBXFileReference; lastKnownFileType = net.daringfireball.markdown; path = API_MIGRATION_SUMMARY.md; sourceTree = "<group>"; };
		B5A9363A2F4E3C04002D8D27 /* ESPN_API_MIGRATION.md */ = {isa = PBXFileReference; lastKnownFileType = net.daringfireball.markdown; path = ESPN_API_MIGRATION.md; sourceTree = "<group>"; };
		B5A9363C2F4E3E35002D8D27 /* GLOBAL_STATISTICS_ROADMAP.md */ = {isa = PBXFileReference; lastKnownFileType = net.daringfireball.markdown; path = GLOBAL_STATISTICS_ROADMAP.md; sourceTree = "<group>"; };
		B5A9363E2F4E3EF1002D8D27 /* BOXING_API_FINAL_STATUS.md */ = {isa = PBXFileReference; lastKnownFileType = net.daringfireball.markdown; path = BOXING_API_FINAL_STATUS.md; sourceTree = "<group>"; };
		B5DDB8D22F5AC8E4001FF6BB /* ThemeManager.swift */ = {isa = PBXFileReference; lastKnownFileType = sourcecode.swift; path = r2rscorecards/Core/Managers/ThemeManager.swift; sourceTree = "<group>"; };
		B5DDB8D42F5AC922001FF6BB /* UI_ENHANCEMENT_GUIDE.md */ = {isa = PBXFileReference; lastKnownFileType = net.daringfireball.markdown; path = UI_ENHANCEMENT_GUIDE.md; sourceTree = "<group>"; };
		B5DDB8D62F5AC955001FF6BB /* QUICK_START_CHECKLIST.md */ = {isa = PBXFileReference; lastKnownFileType = net.daringfireball.markdown; path = QUICK_START_CHECKLIST.md; sourceTree = "<group>"; };
		B5DDB8DC2F5ACB73001FF6BB /* IMPLEMENTATION_DONE.md */ = {isa = PBXFileReference; lastKnownFileType = net.daringfireball.markdown; path = IMPLEMENTATION_DONE.md; sourceTree = "<group>"; };
		B5DDB8DE2F5ACB91001FF6BB /* TROUBLESHOOTING.md */ = {isa = PBXFileReference; lastKnownFileType = net.daringfireball.markdown; path = TROUBLESHOOTING.md; sourceTree = "<group>"; };
		B5DDB8E22F5ACE1C001FF6BB /* HomeViewEnhanced.swift */ = {isa = PBXFileReference; lastKnownFileType = sourcecode.swift; path = r2rscorecards/Features/Home/HomeViewEnhanced.swift; sourceTree = "<group>"; };
		B5DDB8E42F5ACECC001FF6BB /* FINAL_CLEANUP_STEPS.md */ = {isa = PBXFileReference; lastKnownFileType = net.daringfireball.markdown; path = FINAL_CLEANUP_STEPS.md; sourceTree = "<group>"; };
		B5DDB8E62F5AD04D001FF6BB /* REMAINING_ERRORS_FIX.md */ = {isa = PBXFileReference; lastKnownFileType = net.daringfireball.markdown; path = REMAINING_ERRORS_FIX.md; sourceTree = "<group>"; };
		B5DDB8EA2F5AD6DB001FF6BB /* OnboardingFlow.swift */ = {isa = PBXFileReference; lastKnownFileType = sourcecode.swift; path = r2rscorecards/Features/Onboarding/OnboardingFlow.swift; sourceTree = "<group>"; };
		B5DDB8EC2F5AD6F2001FF6BB /* AnimatedTransitions.swift */ = {isa = PBXFileReference; lastKnownFileType = sourcecode.swift; path = r2rscorecards/Core/Utilities/AnimatedTransitions.swift; sourceTree = "<group>"; };
		B5DDB8EE2F5AD71E001FF6BB /* SettingsViewEnhanced.swift */ = {isa = PBXFileReference; lastKnownFileType = sourcecode.swift; path = r2rscorecards/Features/Settings/SettingsViewEnhanced.swift; sourceTree = "<group>"; };
		B5DDB8F02F5AD75C001FF6BB /* ALL_FEATURES_GUIDE.md */ = {isa = PBXFileReference; lastKnownFileType = net.daringfireball.markdown; path = ALL_FEATURES_GUIDE.md; sourceTree = "<group>"; };
		B5DDB8F22F5AD897001FF6BB /* ONBOARDING_THEMES_ACTIVE.md */ = {isa = PBXFileReference; lastKnownFileType = net.daringfireball.markdown; path = ONBOARDING_THEMES_ACTIVE.md; sourceTree = "<group>"; };
		B5DDB8F42F5B6D88001FF6BB /* HOW_TO_ADD_FILE.md */ = {isa = PBXFileReference; lastKnownFileType = net.daringfireball.markdown; path = HOW_TO_ADD_FILE.md; sourceTree = "<group>"; };
		B5DDB8F62F5B6E7F001FF6BB /* ImprovedFightDetailView.swift */ = {isa = PBXFileReference; lastKnownFileType = sourcecode.swift; path = r2rscorecards/Features/Fights/ImprovedFightDetailView.swift; sourceTree = "<group>"; };
		B5DDB8F82F5B7194001FF6BB /* TipJarView.swift */ = {isa = PBXFileReference; lastKnownFileType = sourcecode.swift; path = r2rscorecards/Features/Settings/TipJarView.swift; sourceTree = "<group>"; };
		B5DDB8FA2F5B71B5001FF6BB /* SIGNIN_TIPJAR_FIXES.md */ = {isa = PBXFileReference; lastKnownFileType = net.daringfireball.markdown; path = SIGNIN_TIPJAR_FIXES.md; sourceTree = "<group>"; };
		B5E5DF202F4D093500DE8E8F /* ScorecardView 2.swift */ = {isa = PBXFileReference; lastKnownFileType = sourcecode.swift; path = "r2rscorecards/Features/Scorecards/ScorecardView 2.swift"; sourceTree = "<group>"; };
		B5E5DF222F4D0A2E00DE8E8F /* CHANGES_APPLIED.md */ = {isa = PBXFileReference; lastKnownFileType = net.daringfireball.markdown; path = CHANGES_APPLIED.md; sourceTree = "<group>"; };
		B5E5DF242F4D0A3800DE8E8F /* AppErrors.swift */ = {isa = PBXFileReference; lastKnownFileType = sourcecode.swift; path = r2rscorecards/Core/Utilities/AppErrors.swift; sourceTree = "<group>"; };
		B5E5DF262F4D0A7700DE8E8F /* DEVELOPER_GUIDE.md */ = {isa = PBXFileReference; lastKnownFileType = net.daringfireball.markdown; path = DEVELOPER_GUIDE.md; sourceTree = "<group>"; };
/* End PBXFileReference section */

/* Begin PBXFileSystemSynchronizedBuildFileExceptionSet section */
		B5320E712F47ACBD00C2B16F /* Exceptions for "r2rscorecards" folder in "r2rscorecards" target */ = {
			isa = PBXFileSystemSynchronizedBuildFileExceptionSet;
			membershipExceptions = (
				Info.plist,
			);
			target = B5320E632F47ACBC00C2B16F /* r2rscorecards */;
		};
/* End PBXFileSystemSynchronizedBuildFileExceptionSet section */

/* Begin PBXFileSystemSynchronizedRootGroup section */
		B5320E662F47ACBC00C2B16F /* r2rscorecards */ = {
			isa = PBXFileSystemSynchronizedRootGroup;
			exceptions = (
				B5320E712F47ACBD00C2B16F /* Exceptions for "r2rscorecards" folder in "r2rscorecards" target */,
			);
			path = r2rscorecards;
			sourceTree = "<group>";
		};
/* End PBXFileSystemSynchronizedRootGroup section */

/* Begin PBXFrameworksBuildPhase section */
		B5320E612F47ACBC00C2B16F /* Frameworks */ = {
			isa = PBXFrameworksBuildPhase;
			buildActionMask = 2147483647;
			files = (
				B55113912F5A186E00CAE67B /* PostgREST in Frameworks */,
				B551138F2F5A186E00CAE67B /* Functions in Frameworks */,
				B55113B82F5A1E4800CAE67B /* Supabase in Frameworks */,
				B551138D2F5A186E00CAE67B /* Auth in Frameworks */,
				B55113952F5A186E00CAE67B /* Storage in Frameworks */,
				B55113932F5A186E00CAE67B /* Realtime in Frameworks */,
			);
			runOnlyForDeploymentPostprocessing = 0;
		};
/* End PBXFrameworksBuildPhase section */

/* Begin PBXGroup section */
		B5320E5B2F47ACBC00C2B16F = {
			isa = PBXGroup;
			children = (
				B5320E662F47ACBC00C2B16F /* r2rscorecards */,
				B5320E652F47ACBC00C2B16F /* Products */,
				C0A100012F60000100A0A001 /* Features */,
				C0A100092F60000100A0A001 /* Core */,
				C0A1000F2F60000100A0A001 /* Shared */,
				B51C0A842F48A9D30004F4AE /* README.md */,
				B5E5DF222F4D0A2E00DE8E8F /* CHANGES_APPLIED.md */,
				B5E5DF262F4D0A7700DE8E8F /* DEVELOPER_GUIDE.md */,
				B5A936282F4DD70F002D8D27 /* BOXING_RULES.md */,
				B5A9362C2F4E0FD5002D8D27 /* TODO_PASSWORD_RESET.md */,
				B5A936362F4E1361002D8D27 /* BOXING_API_SETUP.md */,
				B5A936382F4E3ADF002D8D27 /* API_MIGRATION_SUMMARY.md */,
				B5A9363A2F4E3C04002D8D27 /* ESPN_API_MIGRATION.md */,
				B5A9363C2F4E3E35002D8D27 /* GLOBAL_STATISTICS_ROADMAP.md */,
				B5A9363E2F4E3EF1002D8D27 /* BOXING_API_FINAL_STATUS.md */,
				B55113B42F5A1C4B00CAE67B /* Frameworks */,
				B5DDB8D42F5AC922001FF6BB /* UI_ENHANCEMENT_GUIDE.md */,
				B5DDB8D62F5AC955001FF6BB /* QUICK_START_CHECKLIST.md */,
				B5DDB8DC2F5ACB73001FF6BB /* IMPLEMENTATION_DONE.md */,
				B5DDB8DE2F5ACB91001FF6BB /* TROUBLESHOOTING.md */,
				B5DDB8E42F5ACECC001FF6BB /* FINAL_CLEANUP_STEPS.md */,
				B5DDB8E62F5AD04D001FF6BB /* REMAINING_ERRORS_FIX.md */,
				B5DDB8F02F5AD75C001FF6BB /* ALL_FEATURES_GUIDE.md */,
				B5DDB8F22F5AD897001FF6BB /* ONBOARDING_THEMES_ACTIVE.md */,
				B5DDB8F42F5B6D88001FF6BB /* HOW_TO_ADD_FILE.md */,
				B5DDB8FA2F5B71B5001FF6BB /* SIGNIN_TIPJAR_FIXES.md */,
			);
			sourceTree = "<group>";
		};
		C0A100012F60000100A0A001 /* Features */ = {
			isa = PBXGroup;
			children = (
				C0A100022F60000100A0A001 /* Auth */,
				C0A100032F60000100A0A001 /* Fights */,
				C0A100042F60000100A0A001 /* Scorecards */,
				C0A100052F60000100A0A001 /* Home */,
				C0A100062F60000100A0A001 /* Settings */,
				C0A100072F60000100A0A001 /* Onboarding */,
				C0A100082F60000100A0A001 /* Social */,
			);
			name = Features;
			sourceTree = "<group>";
		};
		C0A100022F60000100A0A001 /* Auth */ = {
			isa = PBXGroup;
			children = (
				B51C0A8A2F48AB030004F4AE /* SignInView.swift */,
				B5A9362A2F4E0EE4002D8D27 /* EmailAuthView.swift */,
			);
			name = Auth;
			sourceTree = "<group>";
		};
		C0A100032F60000100A0A001 /* Fights */ = {
			isa = PBXGroup;
			children = (
				B51C0A7C2F48A8710004F4AE /* FightListView.swift */,
				B51C0A7E2F48A8770004F4AE /* FightDetailView.swift */,
				B5A936342F4E130F002D8D27 /* ImportFightsView.swift */,
				B5DDB8F62F5B6E7F001FF6BB /* ImprovedFightDetailView.swift */,
			);
			name = Fights;
			sourceTree = "<group>";
		};
		C0A100042F60000100A0A001 /* Scorecards */ = {
			isa = PBXGroup;
			children = (
				B5A936262F4DD695002D8D27 /* RoundScoringView.swift */,
				B5E5DF202F4D093500DE8E8F /* ScorecardView 2.swift */,
			);
			name = Scorecards;
			sourceTree = "<group>";
		};
		C0A100052F60000100A0A001 /* Home */ = {
			isa = PBXGroup;
			children = (
				B51C0A7A2F48A7300004F4AE /* RootView.swift */,
				B5DDB8E22F5ACE1C001FF6BB /* HomeViewEnhanced.swift */,
			);
			name = Home;
			sourceTree = "<group>";
		};
		C0A100062F60000100A0A001 /* Settings */ = {
			isa = PBXGroup;
			children = (
				B5DDB8EE2F5AD71E001FF6BB /* SettingsViewEnhanced.swift */,
				B5DDB8F82F5B7194001FF6BB /* TipJarView.swift */,
			);
			name = Settings;
			sourceTree = "<group>";
		};
		C0A100072F60000100A0A001 /* Onboarding */ = {
			isa = PBXGroup;
			children = (
				B5DDB8EA2F5AD6DB001FF6BB /* OnboardingFlow.swift */,
			);
			name = Onboarding;
			sourceTree = "<group>";
		};
		C0A100082F60000100A0A001 /* Social */ = {
			isa = PBXGroup;
			children = (
				B51C0A862F48AA420004F4AE /* UsersListView.swift */,
			);
			name = Social;
			sourceTree = "<group>";
		};
		C0A100092F60000100A0A001 /* Core */ = {
			isa = PBXGroup;
			children = (
				C0A1000A2F60000100A0A001 /* Models */,
				C0A1000B2F60000100A0A001 /* Services */,
				C0A1000C2F60000100A0A001 /* Managers */,
				C0A1000D2F60000100A0A001 /* Utilities */,
			);
			name = Core;
			sourceTree = "<group>";
		};
		C0A1000A2F60000100A0A001 /* Models */ = {
			isa = PBXGroup;
			children = (
				B51C0A722F48A7290004F4AE /* Fight.swift */,
				B51C0A742F48A72B0004F4AE /* FriendGroup.swift */,
				B51C0A762F48A72D0004F4AE /* Scorecard.swift */,
				B51C0A782F48A72E0004F4AE /* RoundScore.swift */,
				B51C0A822F48A91C0004F4AE /* User.swift */,
			);
			name = Models;
			sourceTree = "<group>";
		};
		C0A1000B2F60000100A0A001 /* Services */ = {
			isa = PBXGroup;
			children = (
				B5A936322F4E12F6002D8D27 /* BoxingAPIService.swift */,
			);
			name = Services;
			sourceTree = "<group>";
		};
		C0A1000C2F60000100A0A001 /* Managers */ = {
			isa = PBXGroup;
			children = (
				B51C0A882F48AAF90004F4AE /* AuthManager.swift */,
				B5DDB8D22F5AC8E4001FF6BB /* ThemeManager.swift */,
			);
			name = Managers;
			sourceTree = "<group>";
		};
		C0A1000D2F60000100A0A001 /* Utilities */ = {
			isa = PBXGroup;
			children = (
				B5A936242F4DD669002D8D27 /* BoxingRules.swift */,
				B5A9362E2F4E10DC002D8D27 /* GeographicData.swift */,
				B5DDB8EC2F5AD6F2001FF6BB /* AnimatedTransitions.swift */,
				B5E5DF242F4D0A3800DE8E8F /* AppErrors.swift */,
			);
			name = Utilities;
			sourceTree = "<group>";
		};
		C0A1000F2F60000100A0A001 /* Shared */ = {
			isa = PBXGroup;
			children = (
				C0A100102F60000100A0A001 /* UI */,
			);
			name = Shared;
			sourceTree = "<group>";
		};
		C0A100102F60000100A0A001 /* UI */ = {
			isa = PBXGroup;
			children = (
				B5A936302F4E10F3002D8D27 /* GeographicPicker.swift */,
			);
			name = UI;
			sourceTree = "<group>";
		};
		B5320E652F47ACBC00C2B16F /* Products */ = {
			isa = PBXGroup;
			children = (
				B5320E642F47ACBC00C2B16F /* r2rscorecards.app */,
			);
			name = Products;
			sourceTree = "<group>";
		};
		B55113B42F5A1C4B00CAE67B /* Frameworks */ = {
			isa = PBXGroup;
			children = (
			);
			name = Frameworks;
			sourceTree = "<group>";
		};
/* End PBXGroup section */

/* Begin PBXNativeTarget section */
		B5320E632F47ACBC00C2B16F /* r2rscorecards */ = {
			isa = PBXNativeTarget;
			buildConfigurationList = B5320E722F47ACBD00C2B16F /* Build configuration list for PBXNativeTarget "r2rscorecards" */;
			buildPhases = (
				B5320E602F47ACBC00C2B16F /* Sources */,
				B5320E612F47ACBC00C2B16F /* Frameworks */,
				B5320E622F47ACBC00C2B16F /* Resources */,
			);
			buildRules = (
			);
			dependencies = (
			);
			fileSystemSynchronizedGroups = (
				B5320E662F47ACBC00C2B16F /* r2rscorecards */,
			);
			name = r2rscorecards;
			packageProductDependencies = (
				B551138C2F5A186E00CAE67B /* Auth */,
				B551138E2F5A186E00CAE67B /* Functions */,
				B55113902F5A186E00CAE67B /* PostgREST */,
				B55113922F5A186E00CAE67B /* Realtime */,
				B55113942F5A186E00CAE67B /* Storage */,
				B55113B72F5A1E4800CAE67B /* Supabase */,
			);
			productName = r2rscorecards;
			productReference = B5320E642F47ACBC00C2B16F /* r2rscorecards.app */;
			productType = "com.apple.product-type.application";
		};
/* End PBXNativeTarget section */

/* Begin PBXProject section */
		B5320E5C2F47ACBC00C2B16F /* Project object */ = {
			isa = PBXProject;
			attributes = {
				BuildIndependentTargetsInParallel = 1;
				LastSwiftUpdateCheck = 2620;
				LastUpgradeCheck = 2620;
				TargetAttributes = {
					B5320E632F47ACBC00C2B16F = {
						CreatedOnToolsVersion = 26.2;
					};
				};
			};
			buildConfigurationList = B5320E5F2F47ACBC00C2B16F /* Build configuration list for PBXProject "r2rscorecards" */;
			developmentRegion = en;
			hasScannedForEncodings = 0;
			knownRegions = (
				en,
				Base,
			);
			mainGroup = B5320E5B2F47ACBC00C2B16F;
			minimizedProjectReferenceProxies = 1;
			packageReferences = (
				B551138B2F5A186E00CAE67B /* XCRemoteSwiftPackageReference "supabase-swift" */,
			);
			preferredProjectObjectVersion = 77;
			productRefGroup = B5320E652F47ACBC00C2B16F /* Products */;
			projectDirPath = "";
			projectRoot = "";
			targets = (
				B5320E632F47ACBC00C2B16F /* r2rscorecards */,
			);
		};
/* End PBXProject section */

/* Begin PBXResourcesBuildPhase section */
		B5320E622F47ACBC00C2B16F /* Resources */ = {
			isa = PBXResourcesBuildPhase;
			buildActionMask = 2147483647;
			files = (
				B5A9363B2F4E3C04002D8D27 /* ESPN_API_MIGRATION.md in Resources */,
				B5DDB8DF2F5ACB91001FF6BB /* TROUBLESHOOTING.md in Resources */,
				B5DDB8F32F5AD897001FF6BB /* ONBOARDING_THEMES_ACTIVE.md in Resources */,
				B5DDB8D72F5AC955001FF6BB /* QUICK_START_CHECKLIST.md in Resources */,
				B5DDB8FB2F5B71B5001FF6BB /* SIGNIN_TIPJAR_FIXES.md in Resources */,
				B5DDB8F52F5B6D88001FF6BB /* HOW_TO_ADD_FILE.md in Resources */,
				B5A936372F4E1361002D8D27 /* BOXING_API_SETUP.md in Resources */,
				B5E5DF272F4D0A7700DE8E8F /* DEVELOPER_GUIDE.md in Resources */,
				B5DDB8E52F5ACECC001FF6BB /* FINAL_CLEANUP_STEPS.md in Resources */,
				B5A9362D2F4E0FD5002D8D27 /* TODO_PASSWORD_RESET.md in Resources */,
				B5DDB8DD2F5ACB73001FF6BB /* IMPLEMENTATION_DONE.md in Resources */,
				B51C0A852F48A9D30004F4AE /* README.md in Resources */,
				B5A9363D2F4E3E35002D8D27 /* GLOBAL_STATISTICS_ROADMAP.md in Resources */,
				B5DDB8D52F5AC922001FF6BB /* UI_ENHANCEMENT_GUIDE.md in Resources */,
				B5A9363F2F4E3EF1002D8D27 /* BOXING_API_FINAL_STATUS.md in Resources */,
				B5A936292F4DD70F002D8D27 /* BOXING_RULES.md in Resources */,
				B5E5DF232F4D0A2E00DE8E8F /* CHANGES_APPLIED.md in Resources */,
				B5DDB8E72F5AD04D001FF6BB /* REMAINING_ERRORS_FIX.md in Resources */,
				B5A936392F4E3ADF002D8D27 /* API_MIGRATION_SUMMARY.md in Resources */,
				B5DDB8F12F5AD75C001FF6BB /* ALL_FEATURES_GUIDE.md in Resources */,
			);
			runOnlyForDeploymentPostprocessing = 0;
		};
/* End PBXResourcesBuildPhase section */

/* Begin PBXSourcesBuildPhase section */
		B5320E602F47ACBC00C2B16F /* Sources */ = {
			isa = PBXSourcesBuildPhase;
			buildActionMask = 2147483647;
			files = (
				B51C0A7F2F48A8770004F4AE /* FightDetailView.swift in Sources */,
				B51C0A892F48AAF90004F4AE /* AuthManager.swift in Sources */,
				B5DDB8D32F5AC8E4001FF6BB /* ThemeManager.swift in Sources */,
				B51C0A872F48AA420004F4AE /* UsersListView.swift in Sources */,
				B5A936312F4E10F3002D8D27 /* GeographicPicker.swift in Sources */,
				B5E5DF212F4D093500DE8E8F /* ScorecardView 2.swift in Sources */,
				B5DDB8EB2F5AD6DB001FF6BB /* OnboardingFlow.swift in Sources */,
				B5A936352F4E130F002D8D27 /* ImportFightsView.swift in Sources */,
				B5DDB8EF2F5AD71E001FF6BB /* SettingsViewEnhanced.swift in Sources */,
				B51C0A7D2F48A8710004F4AE /* FightListView.swift in Sources */,
				B51C0A7B2F48A7300004F4AE /* RootView.swift in Sources */,
				B5A936252F4DD669002D8D27 /* BoxingRules.swift in Sources */,
				B51C0A772F48A72D0004F4AE /* Scorecard.swift in Sources */,
				B5A9362B2F4E0EE4002D8D27 /* EmailAuthView.swift in Sources */,
				B51C0A732F48A7290004F4AE /* Fight.swift in Sources */,
				B5DDB8E32F5ACE1C001FF6BB /* HomeViewEnhanced.swift in Sources */,
				B5DDB8ED2F5AD6F2001FF6BB /* AnimatedTransitions.swift in Sources */,
				B5A936272F4DD695002D8D27 /* RoundScoringView.swift in Sources */,
				B51C0A792F48A72E0004F4AE /* RoundScore.swift in Sources */,
				B5E5DF252F4D0A3800DE8E8F /* AppErrors.swift in Sources */,
				B5A936332F4E12F6002D8D27 /* BoxingAPIService.swift in Sources */,
				B5DDB8F92F5B7194001FF6BB /* TipJarView.swift in Sources */,
				B51C0A8B2F48AB030004F4AE /* SignInView.swift in Sources */,
				B51C0A832F48A91C0004F4AE /* User.swift in Sources */,
				B5A9362F2F4E10DC002D8D27 /* GeographicData.swift in Sources */,
				B51C0A752F48A72B0004F4AE /* FriendGroup.swift in Sources */,
				B5DDB8F72F5B6E7F001FF6BB /* ImprovedFightDetailView.swift in Sources */,
			);
			runOnlyForDeploymentPostprocessing = 0;
		};
/* End PBXSourcesBuildPhase section */

/* Begin XCBuildConfiguration section */
		B5320E732F47ACBD00C2B16F /* Debug */ = {
			isa = XCBuildConfiguration;
			buildSettings = {
				ASSETCATALOG_COMPILER_APPICON_NAME = AppIcon;
				ASSETCATALOG_COMPILER_GLOBAL_ACCENT_COLOR_NAME = AccentColor;
				CODE_SIGN_ENTITLEMENTS = r2rscorecards/r2rscorecards.entitlements;
				CODE_SIGN_STYLE = Automatic;
				CURRENT_PROJECT_VERSION = 1;
				DEVELOPMENT_TEAM = SJZ4LM6896;
				ENABLE_PREVIEWS = YES;
				GENERATE_INFOPLIST_FILE = YES;
				INFOPLIST_FILE = r2rscorecards/Info.plist;
				INFOPLIST_KEY_UIApplicationSceneManifest_Generation = YES;
				INFOPLIST_KEY_UIApplicationSupportsIndirectInputEvents = YES;
				INFOPLIST_KEY_UILaunchScreen_Generation = YES;
				INFOPLIST_KEY_UISupportedInterfaceOrientations_iPad = "UIInterfaceOrientationPortrait UIInterfaceOrientationPortraitUpsideDown UIInterfaceOrientationLandscapeLeft UIInterfaceOrientationLandscapeRight";
				INFOPLIST_KEY_UISupportedInterfaceOrientations_iPhone = "UIInterfaceOrientationPortrait UIInterfaceOrientationLandscapeLeft UIInterfaceOrientationLandscapeRight";
				LD_RUNPATH_SEARCH_PATHS = (
					"$(inherited)",
					"@executable_path/Frameworks",
				);
				MARKETING_VERSION = 1.0;
				PRODUCT_BUNDLE_IDENTIFIER = PSL.r2rscorecards;
				PRODUCT_NAME = "$(TARGET_NAME)";
				STRING_CATALOG_GENERATE_SYMBOLS = YES;
				SWIFT_APPROACHABLE_CONCURRENCY = YES;
				SWIFT_DEFAULT_ACTOR_ISOLATION = MainActor;
				SWIFT_EMIT_LOC_STRINGS = YES;
				SWIFT_UPCOMING_FEATURE_MEMBER_IMPORT_VISIBILITY = YES;
				SWIFT_VERSION = 5.0;
				TARGETED_DEVICE_FAMILY = "1,2";
			};
			name = Debug;
		};
		B5320E742F47ACBD00C2B16F /* Release */ = {
			isa = XCBuildConfiguration;
			buildSettings = {
				ASSETCATALOG_COMPILER_APPICON_NAME = AppIcon;
				ASSETCATALOG_COMPILER_GLOBAL_ACCENT_COLOR_NAME = AccentColor;
				CODE_SIGN_ENTITLEMENTS = r2rscorecards/r2rscorecards.entitlements;
				CODE_SIGN_STYLE = Automatic;
				CURRENT_PROJECT_VERSION = 1;
				DEVELOPMENT_TEAM = SJZ4LM6896;
				ENABLE_PREVIEWS = YES;
				GENERATE_INFOPLIST_FILE = YES;
				INFOPLIST_FILE = r2rscorecards/Info.plist;
				INFOPLIST_KEY_UIApplicationSceneManifest_Generation = YES;
				INFOPLIST_KEY_UIApplicationSupportsIndirectInputEvents = YES;
				INFOPLIST_KEY_UILaunchScreen_Generation = YES;
				INFOPLIST_KEY_UISupportedInterfaceOrientations_iPad = "UIInterfaceOrientationPortrait UIInterfaceOrientationPortraitUpsideDown UIInterfaceOrientationLandscapeLeft UIInterfaceOrientationLandscapeRight";
				INFOPLIST_KEY_UISupportedInterfaceOrientations_iPhone = "UIInterfaceOrientationPortrait UIInterfaceOrientationLandscapeLeft UIInterfaceOrientationLandscapeRight";
				LD_RUNPATH_SEARCH_PATHS = (
					"$(inherited)",
					"@executable_path/Frameworks",
				);
				MARKETING_VERSION = 1.0;
				PRODUCT_BUNDLE_IDENTIFIER = PSL.r2rscorecards;
				PRODUCT_NAME = "$(TARGET_NAME)";
				STRING_CATALOG_GENERATE_SYMBOLS = YES;
				SWIFT_APPROACHABLE_CONCURRENCY = YES;
				SWIFT_DEFAULT_ACTOR_ISOLATION = MainActor;
				SWIFT_EMIT_LOC_STRINGS = YES;
				SWIFT_UPCOMING_FEATURE_MEMBER_IMPORT_VISIBILITY = YES;
				SWIFT_VERSION = 5.0;
				TARGETED_DEVICE_FAMILY = "1,2";
			};
			name = Release;
		};
		B5320E752F47ACBD00C2B16F /* Debug */ = {
			isa = XCBuildConfiguration;
			buildSettings = {
				ALWAYS_SEARCH_USER_PATHS = NO;
				ASSETCATALOG_COMPILER_GENERATE_SWIFT_ASSET_SYMBOL_EXTENSIONS = YES;
				CLANG_ANALYZER_NONNULL = YES;
				CLANG_ANALYZER_NUMBER_OBJECT_CONVERSION = YES_AGGRESSIVE;
				CLANG_CXX_LANGUAGE_STANDARD = "gnu++20";
				CLANG_ENABLE_MODULES = YES;
				CLANG_ENABLE_OBJC_ARC = YES;
				CLANG_ENABLE_OBJC_WEAK = YES;
				CLANG_WARN_BLOCK_CAPTURE_AUTORELEASING = YES;
				CLANG_WARN_BOOL_CONVERSION = YES;
				CLANG_WARN_COMMA = YES;
				CLANG_WARN_CONSTANT_CONVERSION = YES;
				CLANG_WARN_DEPRECATED_OBJC_IMPLEMENTATIONS = YES;
				CLANG_WARN_DIRECT_OBJC_ISA_USAGE = YES_ERROR;
				CLANG_WARN_DOCUMENTATION_COMMENTS = YES;
				CLANG_WARN_EMPTY_BODY = YES;
				CLANG_WARN_ENUM_CONVERSION = YES;
				CLANG_WARN_INFINITE_RECURSION = YES;
				CLANG_WARN_INT_CONVERSION = YES;
				CLANG_WARN_NON_LITERAL_NULL_CONVERSION = YES;
				CLANG_WARN_OBJC_IMPLICIT_RETAIN_SELF = YES;
				CLANG_WARN_OBJC_LITERAL_CONVERSION = YES;
				CLANG_WARN_OBJC_ROOT_CLASS = YES_ERROR;
				CLANG_WARN_QUOTED_INCLUDE_IN_FRAMEWORK_HEADER = YES;
				CLANG_WARN_RANGE_LOOP_ANALYSIS = YES;
				CLANG_WARN_STRICT_PROTOTYPES = YES;
				CLANG_WARN_SUSPICIOUS_MOVE = YES;
				CLANG_WARN_UNGUARDED_AVAILABILITY = YES_AGGRESSIVE;
				CLANG_WARN_UNREACHABLE_CODE = YES;
				CLANG_WARN__DUPLICATE_METHOD_MATCH = YES;
				COPY_PHASE_STRIP = NO;
				DEBUG_INFORMATION_FORMAT = dwarf;
				ENABLE_STRICT_OBJC_MSGSEND = YES;
				ENABLE_TESTABILITY = YES;
				ENABLE_USER_SCRIPT_SANDBOXING = YES;
				GCC_C_LANGUAGE_STANDARD = gnu17;
				GCC_DYNAMIC_NO_PIC = NO;
				GCC_NO_COMMON_BLOCKS = YES;
				GCC_OPTIMIZATION_LEVEL = 0;
				GCC_PREPROCESSOR_DEFINITIONS = (
					"DEBUG=1",
					"$(inherited)",
				);
				GCC_WARN_64_TO_32_BIT_CONVERSION = YES;
				GCC_WARN_ABOUT_RETURN_TYPE = YES_ERROR;
				GCC_WARN_UNDECLARED_SELECTOR = YES;
				GCC_WARN_UNINITIALIZED_AUTOS = YES_AGGRESSIVE;
				GCC_WARN_UNUSED_FUNCTION = YES;
				GCC_WARN_UNUSED_VARIABLE = YES;
				IPHONEOS_DEPLOYMENT_TARGET = 26.2;
				LOCALIZATION_PREFERS_STRING_CATALOGS = YES;
				MTL_ENABLE_DEBUG_INFO = INCLUDE_SOURCE;
				MTL_FAST_MATH = YES;
				ONLY_ACTIVE_ARCH = YES;
				SDKROOT = iphoneos;
				SWIFT_ACTIVE_COMPILATION_CONDITIONS = "DEBUG $(inherited)";
				SWIFT_OPTIMIZATION_LEVEL = "-Onone";
			};
			name = Debug;
		};
		B5320E762F47ACBD00C2B16F /* Release */ = {
			isa = XCBuildConfiguration;
			buildSettings = {
				ALWAYS_SEARCH_USER_PATHS = NO;
				ASSETCATALOG_COMPILER_GENERATE_SWIFT_ASSET_SYMBOL_EXTENSIONS = YES;
				CLANG_ANALYZER_NONNULL = YES;
				CLANG_ANALYZER_NUMBER_OBJECT_CONVERSION = YES_AGGRESSIVE;
				CLANG_CXX_LANGUAGE_STANDARD = "gnu++20";
				CLANG_ENABLE_MODULES = YES;
				CLANG_ENABLE_OBJC_ARC = YES;
				CLANG_ENABLE_OBJC_WEAK = YES;
				CLANG_WARN_BLOCK_CAPTURE_AUTORELEASING = YES;
				CLANG_WARN_BOOL_CONVERSION = YES;
				CLANG_WARN_COMMA = YES;
				CLANG_WARN_CONSTANT_CONVERSION = YES;
				CLANG_WARN_DEPRECATED_OBJC_IMPLEMENTATIONS = YES;
				CLANG_WARN_DIRECT_OBJC_ISA_USAGE = YES_ERROR;
				CLANG_WARN_DOCUMENTATION_COMMENTS = YES;
				CLANG_WARN_EMPTY_BODY = YES;
				CLANG_WARN_ENUM_CONVERSION = YES;
				CLANG_WARN_INFINITE_RECURSION = YES;
				CLANG_WARN_INT_CONVERSION = YES;
				CLANG_WARN_NON_LITERAL_NULL_CONVERSION = YES;
				CLANG_WARN_OBJC_IMPLICIT_RETAIN_SELF = YES;
				CLANG_WARN_OBJC_LITERAL_CONVERSION = YES;
				CLANG_WARN_OBJC_ROOT_CLASS = YES_ERROR;
				CLANG_WARN_QUOTED_INCLUDE_IN_FRAMEWORK_HEADER = YES;
				CLANG_WARN_RANGE_LOOP_ANALYSIS = YES;
				CLANG_WARN_STRICT_PROTOTYPES = YES;
				CLANG_WARN_SUSPICIOUS_MOVE = YES;
				CLANG_WARN_UNGUARDED_AVAILABILITY = YES_AGGRESSIVE;
				CLANG_WARN_UNREACHABLE_CODE = YES;
				CLANG_WARN__DUPLICATE_METHOD_MATCH = YES;
				COPY_PHASE_STRIP = NO;
				DEBUG_INFORMATION_FORMAT = "dwarf-with-dsym";
				ENABLE_NS_ASSERTIONS = NO;
				ENABLE_STRICT_OBJC_MSGSEND = YES;
				ENABLE_USER_SCRIPT_SANDBOXING = YES;
				GCC_C_LANGUAGE_STANDARD = gnu17;
				GCC_NO_COMMON_BLOCKS = YES;
				GCC_WARN_64_TO_32_BIT_CONVERSION = YES;
				GCC_WARN_ABOUT_RETURN_TYPE = YES_ERROR;
				GCC_WARN_UNDECLARED_SELECTOR = YES;
				GCC_WARN_UNINITIALIZED_AUTOS = YES_AGGRESSIVE;
				GCC_WARN_UNUSED_FUNCTION = YES;
				GCC_WARN_UNUSED_VARIABLE = YES;
				IPHONEOS_DEPLOYMENT_TARGET = 26.2;
				LOCALIZATION_PREFERS_STRING_CATALOGS = YES;
				MTL_ENABLE_DEBUG_INFO = NO;
				MTL_FAST_MATH = YES;
				SDKROOT = iphoneos;
				SWIFT_COMPILATION_MODE = wholemodule;
				VALIDATE_PRODUCT = YES;
			};
			name = Release;
		};
/* End XCBuildConfiguration section */

/* Begin XCConfigurationList section */
		B5320E5F2F47ACBC00C2B16F /* Build configuration list for PBXProject "r2rscorecards" */ = {
			isa = XCConfigurationList;
			buildConfigurations = (
				B5320E752F47ACBD00C2B16F /* Debug */,
				B5320E762F47ACBD00C2B16F /* Release */,
			);
			defaultConfigurationIsVisible = 0;
			defaultConfigurationName = Release;
		};
		B5320E722F47ACBD00C2B16F /* Build configuration list for PBXNativeTarget "r2rscorecards" */ = {
			isa = XCConfigurationList;
			buildConfigurations = (
				B5320E732F47ACBD00C2B16F /* Debug */,
				B5320E742F47ACBD00C2B16F /* Release */,
			);
			defaultConfigurationIsVisible = 0;
			defaultConfigurationName = Release;
		};
/* End XCConfigurationList section */

/* Begin XCRemoteSwiftPackageReference section */
		B551138B2F5A186E00CAE67B /* XCRemoteSwiftPackageReference "supabase-swift" */ = {
			isa = XCRemoteSwiftPackageReference;
			repositoryURL = "https://github.com/supabase/supabase-swift";
			requirement = {
				kind = upToNextMajorVersion;
				minimumVersion = 2.0.0;
			};
		};
/* End XCRemoteSwiftPackageReference section */

/* Begin XCSwiftPackageProductDependency section */
		B551138C2F5A186E00CAE67B /* Auth */ = {
			isa = XCSwiftPackageProductDependency;
			package = B551138B2F5A186E00CAE67B /* XCRemoteSwiftPackageReference "supabase-swift" */;
			productName = Auth;
		};
		B551138E2F5A186E00CAE67B /* Functions */ = {
			isa = XCSwiftPackageProductDependency;
			package = B551138B2F5A186E00CAE67B /* XCRemoteSwiftPackageReference "supabase-swift" */;
			productName = Functions;
		};
		B55113902F5A186E00CAE67B /* PostgREST */ = {
			isa = XCSwiftPackageProductDependency;
			package = B551138B2F5A186E00CAE67B /* XCRemoteSwiftPackageReference "supabase-swift" */;
			productName = PostgREST;
		};
		B55113922F5A186E00CAE67B /* Realtime */ = {
			isa = XCSwiftPackageProductDependency;
			package = B551138B2F5A186E00CAE67B /* XCRemoteSwiftPackageReference "supabase-swift" */;
			productName = Realtime;
		};
		B55113942F5A186E00CAE67B /* Storage */ = {
			isa = XCSwiftPackageProductDependency;
			package = B551138B2F5A186E00CAE67B /* XCRemoteSwiftPackageReference "supabase-swift" */;
			productName = Storage;
		};
		B55113B72F5A1E4800CAE67B /* Supabase */ = {
			isa = XCSwiftPackageProductDependency;
			package = B551138B2F5A186E00CAE67B /* XCRemoteSwiftPackageReference "supabase-swift" */;
			productName = Supabase;
		};
/* End XCSwiftPackageProductDependency section */
	};
	rootObject = B5320E5C2F47ACBC00C2B16F /* Project object */;
}
